{
  "name": "metalworking-glossary",
  "lockfileVersion": 3,
  "requires": true,
  "packages": {
    "": {
      "name": "metalworking-glossary",
      "dependencies": {
        "@fontsource/azeret-mono": "^5.3.0",
        "marked": "^15.0.0"
      }
    },
    "node_modules/@fontsource/azeret-mono": {
      "version": "5.3.0",
      "resolved": "https://registry.npmjs.org/@fontsource/azeret-mono/-/azeret-mono-5.3.0.tgz",
      "integrity": "sha512-Ag/+gN67fUry7i1yLlTnk16Rr1nnTQI2YefA/G7tYcCSr/+TC/ayMrE8Km7O0OKRgI/B5Mfel46Gq9IGY50Uaw==",
      "license": "OFL-1.1",
      "funding": {
        "url": "https://github.com/sponsors/ayuhito"
      }
    },
    "node_modules/marked": {
      "version": "15.0.12",
      "resolved": "https://registry.npmjs.org/marked/-/marked-15.0.12.tgz",
      "integrity": "sha512-8dD6FusOQSrpv9Z1rdNMdlSgQOIP880DHqnohobOmYLElGEqAL/JvxvuxZO16r4HtjTlfPRDC1hbvxC9dPN2nA==",
      "license": "MIT",
      "bin": {
        "marked": "bin/marked.js"
      },
      "engines": {
        "node": ">= 18"
      }
    }
  }
}
